<?xml version="1.0" encoding="utf-8"?>
<Project ToolsVersion="4.0" xmlns="http://schemas.microsoft.com/developer/msbuild/2003">
  <ItemGroup>
    <ClCompile Include="..\cpp_files\Ammo.cpp" />
    <ClCompile Include="..\cpp_files\Bullet.cpp" />
    <ClCompile Include="..\cpp_files\EventAmmo.cpp" />
    <ClCompile Include="..\cpp_files\EventEnemyDeath.cpp" />
    <ClCompile Include="..\cpp_files\EventOverloadShield.cpp" />
    <ClCompile Include="..\cpp_files\EventPlayerDeath.cpp" />
    <ClCompile Include="..\cpp_files\Explosion.cpp" />
    <ClCompile Include="..\cpp_files\Velocity.cpp" />
    <ClCompile Include="..\cpp_files\WaveController.cpp" />
    <ClCompile Include="..\game.cpp" />
    <ClCompile Include="..\cpp_files\GameOver.cpp" />
    <ClCompile Include="..\cpp_files\GameStart.cpp" />
    <ClCompile Include="..\cpp_files\Hero.cpp" />
    <ClCompile Include="..\cpp_files\Reticle.cpp" />
    <ClCompile Include="..\cpp_files\Enemy.cpp" />
    <ClCompile Include="..\cpp_files\Star.cpp" />
    <ClCompile Include="..\cpp_files\ScoresIOStreamer.cpp" />
    <ClCompile Include="..\cpp_files\Leaderboard.cpp" />
    <ClCompile Include="..\cpp_files\InputPlayerName.cpp" />
  </ItemGroup>
  <ItemGroup>
    <ClInclude Include="..\header_files\Ammo.h" />
    <ClInclude Include="..\header_files\Bullet.h" />
    <ClInclude Include="..\header_files\EventAmmo.h" />
    <ClInclude Include="..\header_files\EventEnemyDeath.h" />
    <ClInclude Include="..\header_files\EventOverloadShield.h" />
    <ClInclude Include="..\header_files\EventPlayerDeath.h" />
    <ClInclude Include="..\header_files\Explosion.h" />
    <ClInclude Include="..\header_files\GameOver.h" />
    <ClInclude Include="..\header_files\GameStart.h" />
    <ClInclude Include="..\header_files\Hero.h" />
    <ClInclude Include="..\header_files\Reticle.h" />
    <ClInclude Include="..\header_files\Enemy.h" />
    <ClInclude Include="..\header_files\Star.h" />
    <ClInclude Include="..\header_files\ScoresIOStreamer.h" />
    <ClInclude Include="..\header_files\Leaderboard.h" />
    <ClInclude Include="..\header_files\InputPlayerName.h" />
    <ClInclude Include="..\header_files\Velocity.h" />
    <ClInclude Include="..\header_files\WaveController.h" />
  </ItemGroup>
</Project>